
Microsoft Visual Studio Solution File, Format Version 12.00
# Visual Studio 14
VisualStudioVersion = 14.0.25420.1
MinimumVisualStudioVersion = 10.0.40219.1
Project("{FAE04EC0-301F-11D3-BF4B-00C04F79EFBC}") = "Open.Yuanfeng.Windows", "Open.Yuanfeng.Windows\Open.Yuanfeng.Windows.csproj", "{DB10925E-7FA2-42FB-BFC3-811ACA948424}"
EndProject
Project("{FAE04EC0-301F-11D3-BF4B-00C04F79EFBC}") = "Yuanfeng.Computer.Network", "Yuanfeng.Computer.Network\Yuanfeng.Computer.Network.csproj", "{3E4CF85B-0207-4BAD-AF54-4523434A42F0}"
EndProject
Project("{FAE04EC0-301F-11D3-BF4B-00C04F79EFBC}") = "Yuanfeng.ExternalUnit.SerialCommPort", "Yuanfeng.ExternalUnit.SerialCommPort\Yuanfeng.ExternalUnit.SerialCommPort.csproj", "{CCE59962-3B56-4D8B-949C-1A6699DD945D}"
EndProject
Project("{FAE04EC0-301F-11D3-BF4B-00C04F79EFBC}") = "Yuanfeng.Smarty", "Yuanfeng.Smarty\Yuanfeng.Smarty.csproj", "{476D2977-9746-4264-8A7C-003FB02EF0C4}"
EndProject
Project("{FAE04EC0-301F-11D3-BF4B-00C04F79EFBC}") = "Free5lot.DirectShowLib-2010", "Free5lot.DirectShowLib\Free5lot.DirectShowLib-2010.csproj", "{CE009BFA-5EF6-4153-B2A1-2FA79698A9AE}"
EndProject
Project("{FAE04EC0-301F-11D3-BF4B-00C04F79EFBC}") = "Free5lot.Camera_NET", "Free5lot.Camera_Net\Free5lot.Camera_NET.csproj", "{E6052609-A070-41D5-85B9-ACABA91170C5}"
EndProject
Project("{FAE04EC0-301F-11D3-BF4B-00C04F79EFBC}") = "DockPanel.WinFormsUI", "DockPanel.WinFormsUI\DockPanel.WinFormsUI.csproj", "{C75532C4-765B-418E-B09B-46D36B2ABDB1}"
EndProject
Project("{FAE04EC0-301F-11D3-BF4B-00C04F79EFBC}") = "DockPanel.ThemeVS2012", "DockPanel.WinFormsUI\DockPanel.ThemeVS2012.csproj", "{4ED4FDB5-9FD0-49E6-876D-1635F727C755}"
EndProject
Project("{FAE04EC0-301F-11D3-BF4B-00C04F79EFBC}") = "Yuanfeng.ExternalUnit.Print", "Yuanfeng.ExternalUnit.Print\Yuanfeng.ExternalUnit.Print.csproj", "{82198B81-2D73-4578-B765-9D60515852A1}"
EndProject
Project("{FAE04EC0-301F-11D3-BF4B-00C04F79EFBC}") = "Yuanfeng.ImageUnit.QrCode", "Yuanfeng.ImageUnit.QrCode\Yuanfeng.ImageUnit.QrCode.csproj", "{12CA7FD9-B421-4397-A8DA-16E8A7B2B872}"
EndProject
Project("{FAE04EC0-301F-11D3-BF4B-00C04F79EFBC}") = "Yuanfeng.Net.SocketX", "Yuanfeng.Net.SocketX\Yuanfeng.Net.SocketX.csproj", "{69C13851-4AA9-4F92-9CF5-6AA9D4BF4824}"
EndProject
Project("{FAE04EC0-301F-11D3-BF4B-00C04F79EFBC}") = "Yuanfeng.ImageUnit.Gray", "Yuanfeng.ImageUnit.Gray\Yuanfeng.ImageUnit.Gray.csproj", "{04007866-4422-4E69-8BC2-9062EB74CB88}"
EndProject
Project("{FAE04EC0-301F-11D3-BF4B-00C04F79EFBC}") = "Yuanfeng.ImageUnit.OCR", "Yuanfeng.ImageUnit.OCR\Yuanfeng.ImageUnit.OCR.csproj", "{8DC928DA-3AE2-483C-B00D-C435B40069AA}"
EndProject
Project("{FAE04EC0-301F-11D3-BF4B-00C04F79EFBC}") = "Yuanfeng.Log4netx", "Yuanfeng.Log4netx\Yuanfeng.Log4netx.csproj", "{8732E9B4-1206-4C7B-A287-82E1C331036F}"
EndProject
Project("{FAE04EC0-301F-11D3-BF4B-00C04F79EFBC}") = "Yuanfeng.Log4netx.UdpServer", "Yuanfeng.Log4netx.UdpServer\Yuanfeng.Log4netx.UdpServer.csproj", "{62970893-8493-4C23-B6D5-8780C9B3BAF6}"
EndProject
Global
	GlobalSection(SolutionConfigurationPlatforms) = preSolution
		Debug|Any CPU = Debug|Any CPU
		Release|Any CPU = Release|Any CPU
	EndGlobalSection
	GlobalSection(ProjectConfigurationPlatforms) = postSolution
		{DB10925E-7FA2-42FB-BFC3-811ACA948424}.Debug|Any CPU.ActiveCfg = Debug|Any CPU
		{DB10925E-7FA2-42FB-BFC3-811ACA948424}.Debug|Any CPU.Build.0 = Debug|Any CPU
		{DB10925E-7FA2-42FB-BFC3-811ACA948424}.Release|Any CPU.ActiveCfg = Release|Any CPU
		{DB10925E-7FA2-42FB-BFC3-811ACA948424}.Release|Any CPU.Build.0 = Release|Any CPU
		{3E4CF85B-0207-4BAD-AF54-4523434A42F0}.Debug|Any CPU.ActiveCfg = Debug|Any CPU
		{3E4CF85B-0207-4BAD-AF54-4523434A42F0}.Debug|Any CPU.Build.0 = Debug|Any CPU
		{3E4CF85B-0207-4BAD-AF54-4523434A42F0}.Release|Any CPU.ActiveCfg = Release|Any CPU
		{3E4CF85B-0207-4BAD-AF54-4523434A42F0}.Release|Any CPU.Build.0 = Release|Any CPU
		{CCE59962-3B56-4D8B-949C-1A6699DD945D}.Debug|Any CPU.ActiveCfg = Debug|Any CPU
		{CCE59962-3B56-4D8B-949C-1A6699DD945D}.Debug|Any CPU.Build.0 = Debug|Any CPU
		{CCE59962-3B56-4D8B-949C-1A6699DD945D}.Release|Any CPU.ActiveCfg = Release|Any CPU
		{CCE59962-3B56-4D8B-949C-1A6699DD945D}.Release|Any CPU.Build.0 = Release|Any CPU
		{476D2977-9746-4264-8A7C-003FB02EF0C4}.Debug|Any CPU.ActiveCfg = Debug|Any CPU
		{476D2977-9746-4264-8A7C-003FB02EF0C4}.Debug|Any CPU.Build.0 = Debug|Any CPU
		{476D2977-9746-4264-8A7C-003FB02EF0C4}.Release|Any CPU.ActiveCfg = Release|Any CPU
		{476D2977-9746-4264-8A7C-003FB02EF0C4}.Release|Any CPU.Build.0 = Release|Any CPU
		{CE009BFA-5EF6-4153-B2A1-2FA79698A9AE}.Debug|Any CPU.ActiveCfg = Debug|Any CPU
		{CE009BFA-5EF6-4153-B2A1-2FA79698A9AE}.Debug|Any CPU.Build.0 = Debug|Any CPU
		{CE009BFA-5EF6-4153-B2A1-2FA79698A9AE}.Release|Any CPU.ActiveCfg = Release|Any CPU
		{CE009BFA-5EF6-4153-B2A1-2FA79698A9AE}.Release|Any CPU.Build.0 = Release|Any CPU
		{E6052609-A070-41D5-85B9-ACABA91170C5}.Debug|Any CPU.ActiveCfg = Debug|Any CPU
		{E6052609-A070-41D5-85B9-ACABA91170C5}.Debug|Any CPU.Build.0 = Debug|Any CPU
		{E6052609-A070-41D5-85B9-ACABA91170C5}.Release|Any CPU.ActiveCfg = Release|Any CPU
		{E6052609-A070-41D5-85B9-ACABA91170C5}.Release|Any CPU.Build.0 = Release|Any CPU
		{C75532C4-765B-418E-B09B-46D36B2ABDB1}.Debug|Any CPU.ActiveCfg = Debug|Any CPU
		{C75532C4-765B-418E-B09B-46D36B2ABDB1}.Debug|Any CPU.Build.0 = Debug|Any CPU
		{C75532C4-765B-418E-B09B-46D36B2ABDB1}.Release|Any CPU.ActiveCfg = Release|Any CPU
		{C75532C4-765B-418E-B09B-46D36B2ABDB1}.Release|Any CPU.Build.0 = Release|Any CPU
		{4ED4FDB5-9FD0-49E6-876D-1635F727C755}.Debug|Any CPU.ActiveCfg = Debug|Any CPU
		{4ED4FDB5-9FD0-49E6-876D-1635F727C755}.Debug|Any CPU.Build.0 = Debug|Any CPU
		{4ED4FDB5-9FD0-49E6-876D-1635F727C755}.Release|Any CPU.ActiveCfg = Release|Any CPU
		{4ED4FDB5-9FD0-49E6-876D-1635F727C755}.Release|Any CPU.Build.0 = Release|Any CPU
		{82198B81-2D73-4578-B765-9D60515852A1}.Debug|Any CPU.ActiveCfg = Debug|Any CPU
		{82198B81-2D73-4578-B765-9D60515852A1}.Debug|Any CPU.Build.0 = Debug|Any CPU
		{82198B81-2D73-4578-B765-9D60515852A1}.Release|Any CPU.ActiveCfg = Release|Any CPU
		{82198B81-2D73-4578-B765-9D60515852A1}.Release|Any CPU.Build.0 = Release|Any CPU
		{12CA7FD9-B421-4397-A8DA-16E8A7B2B872}.Debug|Any CPU.ActiveCfg = Debug|Any CPU
		{12CA7FD9-B421-4397-A8DA-16E8A7B2B872}.Debug|Any CPU.Build.0 = Debug|Any CPU
		{12CA7FD9-B421-4397-A8DA-16E8A7B2B872}.Release|Any CPU.ActiveCfg = Release|Any CPU
		{12CA7FD9-B421-4397-A8DA-16E8A7B2B872}.Release|Any CPU.Build.0 = Release|Any CPU
		{69C13851-4AA9-4F92-9CF5-6AA9D4BF4824}.Debug|Any CPU.ActiveCfg = Debug|Any CPU
		{69C13851-4AA9-4F92-9CF5-6AA9D4BF4824}.Debug|Any CPU.Build.0 = Debug|Any CPU
		{69C13851-4AA9-4F92-9CF5-6AA9D4BF4824}.Release|Any CPU.ActiveCfg = Release|Any CPU
		{69C13851-4AA9-4F92-9CF5-6AA9D4BF4824}.Release|Any CPU.Build.0 = Release|Any CPU
		{04007866-4422-4E69-8BC2-9062EB74CB88}.Debug|Any CPU.ActiveCfg = Debug|Any CPU
		{04007866-4422-4E69-8BC2-9062EB74CB88}.Debug|Any CPU.Build.0 = Debug|Any CPU
		{04007866-4422-4E69-8BC2-9062EB74CB88}.Release|Any CPU.ActiveCfg = Release|Any CPU
		{04007866-4422-4E69-8BC2-9062EB74CB88}.Release|Any CPU.Build.0 = Release|Any CPU
		{8DC928DA-3AE2-483C-B00D-C435B40069AA}.Debug|Any CPU.ActiveCfg = Debug|Any CPU
		{8DC928DA-3AE2-483C-B00D-C435B40069AA}.Debug|Any CPU.Build.0 = Debug|Any CPU
		{8DC928DA-3AE2-483C-B00D-C435B40069AA}.Release|Any CPU.ActiveCfg = Release|Any CPU
		{8DC928DA-3AE2-483C-B00D-C435B40069AA}.Release|Any CPU.Build.0 = Release|Any CPU
		{8732E9B4-1206-4C7B-A287-82E1C331036F}.Debug|Any CPU.ActiveCfg = Debug|Any CPU
		{8732E9B4-1206-4C7B-A287-82E1C331036F}.Debug|Any CPU.Build.0 = Debug|Any CPU
		{8732E9B4-1206-4C7B-A287-82E1C331036F}.Release|Any CPU.ActiveCfg = Release|Any CPU
		{8732E9B4-1206-4C7B-A287-82E1C331036F}.Release|Any CPU.Build.0 = Release|Any CPU
		{62970893-8493-4C23-B6D5-8780C9B3BAF6}.Debug|Any CPU.ActiveCfg = Debug|Any CPU
		{62970893-8493-4C23-B6D5-8780C9B3BAF6}.Debug|Any CPU.Build.0 = Debug|Any CPU
		{62970893-8493-4C23-B6D5-8780C9B3BAF6}.Release|Any CPU.ActiveCfg = Release|Any CPU
		{62970893-8493-4C23-B6D5-8780C9B3BAF6}.Release|Any CPU.Build.0 = Release|Any CPU
	EndGlobalSection
	GlobalSection(SolutionProperties) = preSolution
		HideSolutionNode = FALSE
	EndGlobalSection
EndGlobal
